
Microsoft Visual Studio Solution File, Format Version 12.00
# Visual Studio Version 16
VisualStudioVersion = 16.0.31205.134
MinimumVisualStudioVersion = 10.0.40219.1
Project("{9A19103F-16F7-4668-BE54-9A1E7A4F7556}") = "AppStore.Api", "AppStore.Api\AppStore.Api.csproj", "{1E9DD2EB-9658-45EE-9E68-9B30CA5F005D}"
EndProject
Project("{9A19103F-16F7-4668-BE54-9A1E7A4F7556}") = "AppStore.Core", "AppStore.Core\AppStore.Core.csproj", "{5BC22A0A-05AE-412C-ACA0-1B02A7F94A90}"
EndProject
Project("{FAE04EC0-301F-11D3-BF4B-00C04F79EFBC}") = "AppStore.Infrastructure", "AppStore.Infrastructure\AppStore.Infrastructure.csproj", "{E9920B80-41BB-4105-B03D-296E69648CF3}"
EndProject
Global
	GlobalSection(SolutionConfigurationPlatforms) = preSolution
		Debug|Any CPU = Debug|Any CPU
		Release|Any CPU = Release|Any CPU
	EndGlobalSection
	GlobalSection(ProjectConfigurationPlatforms) = postSolution
		{1E9DD2EB-9658-45EE-9E68-9B30CA5F005D}.Debug|Any CPU.ActiveCfg = Debug|Any CPU
		{1E9DD2EB-9658-45EE-9E68-9B30CA5F005D}.Debug|Any CPU.Build.0 = Debug|Any CPU
		{1E9DD2EB-9658-45EE-9E68-9B30CA5F005D}.Release|Any CPU.ActiveCfg = Release|Any CPU
		{1E9DD2EB-9658-45EE-9E68-9B30CA5F005D}.Release|Any CPU.Build.0 = Release|Any CPU
		{5BC22A0A-05AE-412C-ACA0-1B02A7F94A90}.Debug|Any CPU.ActiveCfg = Debug|Any CPU
		{5BC22A0A-05AE-412C-ACA0-1B02A7F94A90}.Debug|Any CPU.Build.0 = Debug|Any CPU
		{5BC22A0A-05AE-412C-ACA0-1B02A7F94A90}.Release|Any CPU.ActiveCfg = Release|Any CPU
		{5BC22A0A-05AE-412C-ACA0-1B02A7F94A90}.Release|Any CPU.Build.0 = Release|Any CPU
		{E9920B80-41BB-4105-B03D-296E69648CF3}.Debug|Any CPU.ActiveCfg = Debug|Any CPU
		{E9920B80-41BB-4105-B03D-296E69648CF3}.Debug|Any CPU.Build.0 = Debug|Any CPU
		{E9920B80-41BB-4105-B03D-296E69648CF3}.Release|Any CPU.ActiveCfg = Release|Any CPU
		{E9920B80-41BB-4105-B03D-296E69648CF3}.Release|Any CPU.Build.0 = Release|Any CPU
	EndGlobalSection
	GlobalSection(SolutionProperties) = preSolution
		HideSolutionNode = FALSE
	EndGlobalSection
	GlobalSection(ExtensibilityGlobals) = postSolution
		SolutionGuid = {2577679B-37DF-4BC4-97AC-5EB73639A1AC}
	EndGlobalSection
EndGlobal
